
Microsoft Visual Studio Solution File, Format Version 12.00
# Visual Studio Version 17
VisualStudioVersion = 17.7.34024.191
MinimumVisualStudioVersion = 10.0.40219.1
Project("{8BC9CEB8-8B4A-11D0-8D11-00A0C91BC942}") = "medianfiltering", "medianfiltering\medianfiltering.vcxproj", "{BD4474C1-8FF6-43A4-9A57-AC9B980674FB}"
EndProject
Global
	GlobalSection(SolutionConfigurationPlatforms) = preSolution
		Debug|x64 = Debug|x64
		Debug|x86 = Debug|x86
		Release|x64 = Release|x64
		Release|x86 = Release|x86
	EndGlobalSection
	GlobalSection(ProjectConfigurationPlatforms) = postSolution
		{BD4474C1-8FF6-43A4-9A57-AC9B980674FB}.Debug|x64.ActiveCfg = Debug|x64
		{BD4474C1-8FF6-43A4-9A57-AC9B980674FB}.Debug|x64.Build.0 = Debug|x64
		{BD4474C1-8FF6-43A4-9A57-AC9B980674FB}.Debug|x86.ActiveCfg = Debug|Win32
		{BD4474C1-8FF6-43A4-9A57-AC9B980674FB}.Debug|x86.Build.0 = Debug|Win32
		{BD4474C1-8FF6-43A4-9A57-AC9B980674FB}.Release|x64.ActiveCfg = Release|x64
		{BD4474C1-8FF6-43A4-9A57-AC9B980674FB}.Release|x64.Build.0 = Release|x64
		{BD4474C1-8FF6-43A4-9A57-AC9B980674FB}.Release|x86.ActiveCfg = Release|Win32
		{BD4474C1-8FF6-43A4-9A57-AC9B980674FB}.Release|x86.Build.0 = Release|Win32
	EndGlobalSection
	GlobalSection(SolutionProperties) = preSolution
		HideSolutionNode = FALSE
	EndGlobalSection
	GlobalSection(ExtensibilityGlobals) = postSolution
		SolutionGuid = {9B341AFC-BEFB-4423-9A50-F5D09FD7FF4E}
	EndGlobalSection
EndGlobal
