
Microsoft Visual Studio Solution File, Format Version 12.00
# Visual Studio Version 17
VisualStudioVersion = 17.7.34024.191
MinimumVisualStudioVersion = 10.0.40219.1
Project("{8BC9CEB8-8B4A-11D0-8D11-00A0C91BC942}") = "wavelet", "wavelet\wavelet.vcxproj", "{11A132B1-DBB7-4DD4-89D1-463250E6B1C9}"
EndProject
Global
	GlobalSection(SolutionConfigurationPlatforms) = preSolution
		Debug|x64 = Debug|x64
		Debug|x86 = Debug|x86
		Release|x64 = Release|x64
		Release|x86 = Release|x86
	EndGlobalSection
	GlobalSection(ProjectConfigurationPlatforms) = postSolution
		{11A132B1-DBB7-4DD4-89D1-463250E6B1C9}.Debug|x64.ActiveCfg = Debug|x64
		{11A132B1-DBB7-4DD4-89D1-463250E6B1C9}.Debug|x64.Build.0 = Debug|x64
		{11A132B1-DBB7-4DD4-89D1-463250E6B1C9}.Debug|x86.ActiveCfg = Debug|Win32
		{11A132B1-DBB7-4DD4-89D1-463250E6B1C9}.Debug|x86.Build.0 = Debug|Win32
		{11A132B1-DBB7-4DD4-89D1-463250E6B1C9}.Release|x64.ActiveCfg = Release|x64
		{11A132B1-DBB7-4DD4-89D1-463250E6B1C9}.Release|x64.Build.0 = Release|x64
		{11A132B1-DBB7-4DD4-89D1-463250E6B1C9}.Release|x86.ActiveCfg = Release|Win32
		{11A132B1-DBB7-4DD4-89D1-463250E6B1C9}.Release|x86.Build.0 = Release|Win32
	EndGlobalSection
	GlobalSection(SolutionProperties) = preSolution
		HideSolutionNode = FALSE
	EndGlobalSection
	GlobalSection(ExtensibilityGlobals) = postSolution
		SolutionGuid = {8067811F-36C1-4D0C-A690-4BE6BD087615}
	EndGlobalSection
EndGlobal
