
Microsoft Visual Studio Solution File, Format Version 12.00
# Visual Studio Version 17
VisualStudioVersion = 17.7.34024.191
MinimumVisualStudioVersion = 10.0.40219.1
Project("{8BC9CEB8-8B4A-11D0-8D11-00A0C91BC942}") = "bitplane", "bitplane\bitplane.vcxproj", "{632D0140-4B17-421F-AE87-11AE353A565E}"
EndProject
Global
	GlobalSection(SolutionConfigurationPlatforms) = preSolution
		Debug|x64 = Debug|x64
		Debug|x86 = Debug|x86
		Release|x64 = Release|x64
		Release|x86 = Release|x86
	EndGlobalSection
	GlobalSection(ProjectConfigurationPlatforms) = postSolution
		{632D0140-4B17-421F-AE87-11AE353A565E}.Debug|x64.ActiveCfg = Debug|x64
		{632D0140-4B17-421F-AE87-11AE353A565E}.Debug|x64.Build.0 = Debug|x64
		{632D0140-4B17-421F-AE87-11AE353A565E}.Debug|x86.ActiveCfg = Debug|Win32
		{632D0140-4B17-421F-AE87-11AE353A565E}.Debug|x86.Build.0 = Debug|Win32
		{632D0140-4B17-421F-AE87-11AE353A565E}.Release|x64.ActiveCfg = Release|x64
		{632D0140-4B17-421F-AE87-11AE353A565E}.Release|x64.Build.0 = Release|x64
		{632D0140-4B17-421F-AE87-11AE353A565E}.Release|x86.ActiveCfg = Release|Win32
		{632D0140-4B17-421F-AE87-11AE353A565E}.Release|x86.Build.0 = Release|Win32
	EndGlobalSection
	GlobalSection(SolutionProperties) = preSolution
		HideSolutionNode = FALSE
	EndGlobalSection
	GlobalSection(ExtensibilityGlobals) = postSolution
		SolutionGuid = {8E5E4A9D-0C3B-46A0-9787-F2462AB4F9EA}
	EndGlobalSection
EndGlobal
