
Microsoft Visual Studio Solution File, Format Version 12.00
# Visual Studio Version 17
VisualStudioVersion = 17.7.34024.191
MinimumVisualStudioVersion = 10.0.40219.1
Project("{8BC9CEB8-8B4A-11D0-8D11-00A0C91BC942}") = "circle", "circle\circle.vcxproj", "{F9283E86-D062-46E4-BDE6-C84D1F01F5AA}"
EndProject
Global
	GlobalSection(SolutionConfigurationPlatforms) = preSolution
		Debug|x64 = Debug|x64
		Debug|x86 = Debug|x86
		Release|x64 = Release|x64
		Release|x86 = Release|x86
	EndGlobalSection
	GlobalSection(ProjectConfigurationPlatforms) = postSolution
		{F9283E86-D062-46E4-BDE6-C84D1F01F5AA}.Debug|x64.ActiveCfg = Debug|x64
		{F9283E86-D062-46E4-BDE6-C84D1F01F5AA}.Debug|x64.Build.0 = Debug|x64
		{F9283E86-D062-46E4-BDE6-C84D1F01F5AA}.Debug|x86.ActiveCfg = Debug|Win32
		{F9283E86-D062-46E4-BDE6-C84D1F01F5AA}.Debug|x86.Build.0 = Debug|Win32
		{F9283E86-D062-46E4-BDE6-C84D1F01F5AA}.Release|x64.ActiveCfg = Release|x64
		{F9283E86-D062-46E4-BDE6-C84D1F01F5AA}.Release|x64.Build.0 = Release|x64
		{F9283E86-D062-46E4-BDE6-C84D1F01F5AA}.Release|x86.ActiveCfg = Release|Win32
		{F9283E86-D062-46E4-BDE6-C84D1F01F5AA}.Release|x86.Build.0 = Release|Win32
	EndGlobalSection
	GlobalSection(SolutionProperties) = preSolution
		HideSolutionNode = FALSE
	EndGlobalSection
	GlobalSection(ExtensibilityGlobals) = postSolution
		SolutionGuid = {B5457FC6-554B-4330-A300-A1AA9211C46F}
	EndGlobalSection
EndGlobal
